
Microsoft Visual Studio Solution File, Format Version 12.00
# Visual Studio Version 16
VisualStudioVersion = 16.0.30611.23
MinimumVisualStudioVersion = 10.0.40219.1
Project("{9A19103F-16F7-4668-BE54-9A1E7A4F7556}") = "Task_1a", "Task_1\Task_1a.csproj", "{E3C6B98B-C361-42B4-9180-C1AD39291B4B}"
EndProject
Project("{9A19103F-16F7-4668-BE54-9A1E7A4F7556}") = "Task_1b", "Task_1b\Task_1b.csproj", "{D2987777-8517-49AD-B88D-27DDED04EC24}"
EndProject
Project("{9A19103F-16F7-4668-BE54-9A1E7A4F7556}") = "Task_2", "Task_2\Task_2.csproj", "{01A6915D-2C98-413E-92C5-202BF79C755B}"
EndProject
Project("{9A19103F-16F7-4668-BE54-9A1E7A4F7556}") = "Task_3", "Task_3\Task_3.csproj", "{50437B91-89D4-4C88-A3F1-8709CAD210E9}"
EndProject
Project("{9A19103F-16F7-4668-BE54-9A1E7A4F7556}") = "Task_4", "Task_4\Task_4.csproj", "{79B2296E-A7AB-40A0-8E01-D740DC46172E}"
EndProject
Global
	GlobalSection(SolutionConfigurationPlatforms) = preSolution
		Debug|Any CPU = Debug|Any CPU
		Release|Any CPU = Release|Any CPU
	EndGlobalSection
	GlobalSection(ProjectConfigurationPlatforms) = postSolution
		{E3C6B98B-C361-42B4-9180-C1AD39291B4B}.Debug|Any CPU.ActiveCfg = Debug|Any CPU
		{E3C6B98B-C361-42B4-9180-C1AD39291B4B}.Debug|Any CPU.Build.0 = Debug|Any CPU
		{E3C6B98B-C361-42B4-9180-C1AD39291B4B}.Release|Any CPU.ActiveCfg = Release|Any CPU
		{E3C6B98B-C361-42B4-9180-C1AD39291B4B}.Release|Any CPU.Build.0 = Release|Any CPU
		{D2987777-8517-49AD-B88D-27DDED04EC24}.Debug|Any CPU.ActiveCfg = Debug|Any CPU
		{D2987777-8517-49AD-B88D-27DDED04EC24}.Debug|Any CPU.Build.0 = Debug|Any CPU
		{D2987777-8517-49AD-B88D-27DDED04EC24}.Release|Any CPU.ActiveCfg = Release|Any CPU
		{D2987777-8517-49AD-B88D-27DDED04EC24}.Release|Any CPU.Build.0 = Release|Any CPU
		{01A6915D-2C98-413E-92C5-202BF79C755B}.Debug|Any CPU.ActiveCfg = Debug|Any CPU
		{01A6915D-2C98-413E-92C5-202BF79C755B}.Debug|Any CPU.Build.0 = Debug|Any CPU
		{01A6915D-2C98-413E-92C5-202BF79C755B}.Release|Any CPU.ActiveCfg = Release|Any CPU
		{01A6915D-2C98-413E-92C5-202BF79C755B}.Release|Any CPU.Build.0 = Release|Any CPU
		{50437B91-89D4-4C88-A3F1-8709CAD210E9}.Debug|Any CPU.ActiveCfg = Debug|Any CPU
		{50437B91-89D4-4C88-A3F1-8709CAD210E9}.Debug|Any CPU.Build.0 = Debug|Any CPU
		{50437B91-89D4-4C88-A3F1-8709CAD210E9}.Release|Any CPU.ActiveCfg = Release|Any CPU
		{50437B91-89D4-4C88-A3F1-8709CAD210E9}.Release|Any CPU.Build.0 = Release|Any CPU
		{79B2296E-A7AB-40A0-8E01-D740DC46172E}.Debug|Any CPU.ActiveCfg = Debug|Any CPU
		{79B2296E-A7AB-40A0-8E01-D740DC46172E}.Debug|Any CPU.Build.0 = Debug|Any CPU
		{79B2296E-A7AB-40A0-8E01-D740DC46172E}.Release|Any CPU.ActiveCfg = Release|Any CPU
		{79B2296E-A7AB-40A0-8E01-D740DC46172E}.Release|Any CPU.Build.0 = Release|Any CPU
	EndGlobalSection
	GlobalSection(SolutionProperties) = preSolution
		HideSolutionNode = FALSE
	EndGlobalSection
	GlobalSection(ExtensibilityGlobals) = postSolution
		SolutionGuid = {41822657-3009-49C7-A6B4-FAA527419031}
	EndGlobalSection
EndGlobal
