
Microsoft Visual Studio Solution File, Format Version 12.00
# Visual Studio Version 16
VisualStudioVersion = 16.0.30611.23
MinimumVisualStudioVersion = 10.0.40219.1
Project("{FAE04EC0-301F-11D3-BF4B-00C04F79EFBC}") = "Task_1a", "Task_1a\Task_1a.csproj", "{52530199-37F1-449B-BC3C-BFE0101C464C}"
EndProject
Project("{FAE04EC0-301F-11D3-BF4B-00C04F79EFBC}") = "Task_1b", "Task_1b\Task_1b.csproj", "{ADF914CD-AFC0-41ED-89F8-7E86838EB24D}"
EndProject
Project("{FAE04EC0-301F-11D3-BF4B-00C04F79EFBC}") = "Task_1c", "Task_1c\Task_1c.csproj", "{DE900118-A1E4-476E-8B58-7DAA41509C76}"
EndProject
Project("{FAE04EC0-301F-11D3-BF4B-00C04F79EFBC}") = "Task_2", "Task_2\Task_2.csproj", "{EA3D5B62-AFBF-4AC2-9E36-532DB0B0F57C}"
EndProject
Project("{FAE04EC0-301F-11D3-BF4B-00C04F79EFBC}") = "Task_3", "Task_3\Task_3.csproj", "{FEB451C0-1B1F-4B0B-807B-707827A424A5}"
EndProject
Global
	GlobalSection(SolutionConfigurationPlatforms) = preSolution
		Debug|Any CPU = Debug|Any CPU
		Release|Any CPU = Release|Any CPU
	EndGlobalSection
	GlobalSection(ProjectConfigurationPlatforms) = postSolution
		{52530199-37F1-449B-BC3C-BFE0101C464C}.Debug|Any CPU.ActiveCfg = Debug|Any CPU
		{52530199-37F1-449B-BC3C-BFE0101C464C}.Debug|Any CPU.Build.0 = Debug|Any CPU
		{52530199-37F1-449B-BC3C-BFE0101C464C}.Release|Any CPU.ActiveCfg = Release|Any CPU
		{52530199-37F1-449B-BC3C-BFE0101C464C}.Release|Any CPU.Build.0 = Release|Any CPU
		{ADF914CD-AFC0-41ED-89F8-7E86838EB24D}.Debug|Any CPU.ActiveCfg = Debug|Any CPU
		{ADF914CD-AFC0-41ED-89F8-7E86838EB24D}.Debug|Any CPU.Build.0 = Debug|Any CPU
		{ADF914CD-AFC0-41ED-89F8-7E86838EB24D}.Release|Any CPU.ActiveCfg = Release|Any CPU
		{ADF914CD-AFC0-41ED-89F8-7E86838EB24D}.Release|Any CPU.Build.0 = Release|Any CPU
		{DE900118-A1E4-476E-8B58-7DAA41509C76}.Debug|Any CPU.ActiveCfg = Debug|Any CPU
		{DE900118-A1E4-476E-8B58-7DAA41509C76}.Debug|Any CPU.Build.0 = Debug|Any CPU
		{DE900118-A1E4-476E-8B58-7DAA41509C76}.Release|Any CPU.ActiveCfg = Release|Any CPU
		{DE900118-A1E4-476E-8B58-7DAA41509C76}.Release|Any CPU.Build.0 = Release|Any CPU
		{EA3D5B62-AFBF-4AC2-9E36-532DB0B0F57C}.Debug|Any CPU.ActiveCfg = Debug|Any CPU
		{EA3D5B62-AFBF-4AC2-9E36-532DB0B0F57C}.Debug|Any CPU.Build.0 = Debug|Any CPU
		{EA3D5B62-AFBF-4AC2-9E36-532DB0B0F57C}.Release|Any CPU.ActiveCfg = Release|Any CPU
		{EA3D5B62-AFBF-4AC2-9E36-532DB0B0F57C}.Release|Any CPU.Build.0 = Release|Any CPU
		{FEB451C0-1B1F-4B0B-807B-707827A424A5}.Debug|Any CPU.ActiveCfg = Debug|Any CPU
		{FEB451C0-1B1F-4B0B-807B-707827A424A5}.Debug|Any CPU.Build.0 = Debug|Any CPU
		{FEB451C0-1B1F-4B0B-807B-707827A424A5}.Release|Any CPU.ActiveCfg = Release|Any CPU
		{FEB451C0-1B1F-4B0B-807B-707827A424A5}.Release|Any CPU.Build.0 = Release|Any CPU
	EndGlobalSection
	GlobalSection(SolutionProperties) = preSolution
		HideSolutionNode = FALSE
	EndGlobalSection
	GlobalSection(ExtensibilityGlobals) = postSolution
		SolutionGuid = {E3D1D96E-555A-4300-8987-DC80CC7FF5A4}
	EndGlobalSection
EndGlobal
