
Microsoft Visual Studio Solution File, Format Version 12.00
# Visual Studio Version 16
VisualStudioVersion = 16.0.30611.23
MinimumVisualStudioVersion = 10.0.40219.1
Project("{9A19103F-16F7-4668-BE54-9A1E7A4F7556}") = "Task_1", "Task_1\Task_1.csproj", "{6EB480D0-FDBA-41B7-92DB-3B70A2449A40}"
EndProject
Project("{9A19103F-16F7-4668-BE54-9A1E7A4F7556}") = "Task_2", "Task_2\Task_2.csproj", "{3CC2A797-1A11-4EE6-8846-B1548091740F}"
EndProject
Project("{9A19103F-16F7-4668-BE54-9A1E7A4F7556}") = "Task_3", "Task_3\Task_3.csproj", "{FCF742D6-5D21-455C-9374-3E25B2F985D9}"
EndProject
Global
	GlobalSection(SolutionConfigurationPlatforms) = preSolution
		Debug|Any CPU = Debug|Any CPU
		Release|Any CPU = Release|Any CPU
	EndGlobalSection
	GlobalSection(ProjectConfigurationPlatforms) = postSolution
		{6EB480D0-FDBA-41B7-92DB-3B70A2449A40}.Debug|Any CPU.ActiveCfg = Debug|Any CPU
		{6EB480D0-FDBA-41B7-92DB-3B70A2449A40}.Debug|Any CPU.Build.0 = Debug|Any CPU
		{6EB480D0-FDBA-41B7-92DB-3B70A2449A40}.Release|Any CPU.ActiveCfg = Release|Any CPU
		{6EB480D0-FDBA-41B7-92DB-3B70A2449A40}.Release|Any CPU.Build.0 = Release|Any CPU
		{3CC2A797-1A11-4EE6-8846-B1548091740F}.Debug|Any CPU.ActiveCfg = Debug|Any CPU
		{3CC2A797-1A11-4EE6-8846-B1548091740F}.Debug|Any CPU.Build.0 = Debug|Any CPU
		{3CC2A797-1A11-4EE6-8846-B1548091740F}.Release|Any CPU.ActiveCfg = Release|Any CPU
		{3CC2A797-1A11-4EE6-8846-B1548091740F}.Release|Any CPU.Build.0 = Release|Any CPU
		{FCF742D6-5D21-455C-9374-3E25B2F985D9}.Debug|Any CPU.ActiveCfg = Debug|Any CPU
		{FCF742D6-5D21-455C-9374-3E25B2F985D9}.Debug|Any CPU.Build.0 = Debug|Any CPU
		{FCF742D6-5D21-455C-9374-3E25B2F985D9}.Release|Any CPU.ActiveCfg = Release|Any CPU
		{FCF742D6-5D21-455C-9374-3E25B2F985D9}.Release|Any CPU.Build.0 = Release|Any CPU
	EndGlobalSection
	GlobalSection(SolutionProperties) = preSolution
		HideSolutionNode = FALSE
	EndGlobalSection
	GlobalSection(ExtensibilityGlobals) = postSolution
		SolutionGuid = {6B87A9C1-465C-4EB7-AA10-8507681B8E96}
	EndGlobalSection
EndGlobal
