
Microsoft Visual Studio Solution File, Format Version 12.00
# Visual Studio Version 16
VisualStudioVersion = 16.0.30611.23
MinimumVisualStudioVersion = 10.0.40219.1
Project("{FAE04EC0-301F-11D3-BF4B-00C04F79EFBC}") = "Task_1", "Task_1\Task_1.csproj", "{F20AA8EE-F053-40B7-9463-F42F0D8ACB67}"
EndProject
Project("{FAE04EC0-301F-11D3-BF4B-00C04F79EFBC}") = "Task_2", "Task_2\Task_2.csproj", "{D87DDC69-57B4-4199-A282-DD8102FF8656}"
EndProject
Project("{FAE04EC0-301F-11D3-BF4B-00C04F79EFBC}") = "Task_3", "Task_3\Task_3.csproj", "{1D9E554D-5BA6-4CEB-91F9-5DAF977334FF}"
EndProject
Project("{FAE04EC0-301F-11D3-BF4B-00C04F79EFBC}") = "Task_4", "Task_4\Task_4.csproj", "{53C244E6-5DBE-40D6-8BDC-E9AB4482A56F}"
EndProject
Project("{FAE04EC0-301F-11D3-BF4B-00C04F79EFBC}") = "Task_5", "Task_5\Task_5.csproj", "{3D94D958-5478-4A30-A0FD-FF7BF8F739FF}"
EndProject
Project("{FAE04EC0-301F-11D3-BF4B-00C04F79EFBC}") = "Task_6", "Task_6\Task_6.csproj", "{FC19A74D-72D8-42A1-880D-8FE19BE9B7EB}"
EndProject
Project("{FAE04EC0-301F-11D3-BF4B-00C04F79EFBC}") = "Task_7", "Task_7\Task_7.csproj", "{E00B8615-9376-45FC-9435-7A22AA7968ED}"
EndProject
Project("{FAE04EC0-301F-11D3-BF4B-00C04F79EFBC}") = "Task_8", "Task_8\Task_8.csproj", "{6C5FC743-65DD-4428-ABB7-8D0F8995109E}"
EndProject
Project("{FAE04EC0-301F-11D3-BF4B-00C04F79EFBC}") = "Task_9", "Task_9\Task_9.csproj", "{5DCFFDC2-C7B8-46DE-8BA0-B3AEB5EA2B6C}"
EndProject
Project("{FAE04EC0-301F-11D3-BF4B-00C04F79EFBC}") = "Task_10", "Task_10\Task_10.csproj", "{C1EC7F9B-4D8E-49E2-8E96-28CF08ED00C2}"
EndProject
Project("{FAE04EC0-301F-11D3-BF4B-00C04F79EFBC}") = "Task_11", "Task_11\Task_11.csproj", "{09A92E6C-1042-4D62-B7CD-C927D3B3CC93}"
EndProject
Project("{FAE04EC0-301F-11D3-BF4B-00C04F79EFBC}") = "Task_12", "Task_12\Task_12.csproj", "{4C691A2E-A468-476B-B58B-5D5E333CC867}"
EndProject
Project("{FAE04EC0-301F-11D3-BF4B-00C04F79EFBC}") = "Task_13", "Task_13\Task_13.csproj", "{0CAEFCB7-0E2E-4916-82CF-05D4E1E2E3E2}"
EndProject
Project("{FAE04EC0-301F-11D3-BF4B-00C04F79EFBC}") = "Task_14", "Task_14\Task_14.csproj", "{861E79EA-BE53-4A46-A210-23B16598F8E0}"
EndProject
Global
	GlobalSection(SolutionConfigurationPlatforms) = preSolution
		Debug|Any CPU = Debug|Any CPU
		Release|Any CPU = Release|Any CPU
	EndGlobalSection
	GlobalSection(ProjectConfigurationPlatforms) = postSolution
		{F20AA8EE-F053-40B7-9463-F42F0D8ACB67}.Debug|Any CPU.ActiveCfg = Debug|Any CPU
		{F20AA8EE-F053-40B7-9463-F42F0D8ACB67}.Debug|Any CPU.Build.0 = Debug|Any CPU
		{F20AA8EE-F053-40B7-9463-F42F0D8ACB67}.Release|Any CPU.ActiveCfg = Release|Any CPU
		{F20AA8EE-F053-40B7-9463-F42F0D8ACB67}.Release|Any CPU.Build.0 = Release|Any CPU
		{D87DDC69-57B4-4199-A282-DD8102FF8656}.Debug|Any CPU.ActiveCfg = Debug|Any CPU
		{D87DDC69-57B4-4199-A282-DD8102FF8656}.Debug|Any CPU.Build.0 = Debug|Any CPU
		{D87DDC69-57B4-4199-A282-DD8102FF8656}.Release|Any CPU.ActiveCfg = Release|Any CPU
		{D87DDC69-57B4-4199-A282-DD8102FF8656}.Release|Any CPU.Build.0 = Release|Any CPU
		{1D9E554D-5BA6-4CEB-91F9-5DAF977334FF}.Debug|Any CPU.ActiveCfg = Debug|Any CPU
		{1D9E554D-5BA6-4CEB-91F9-5DAF977334FF}.Debug|Any CPU.Build.0 = Debug|Any CPU
		{1D9E554D-5BA6-4CEB-91F9-5DAF977334FF}.Release|Any CPU.ActiveCfg = Release|Any CPU
		{1D9E554D-5BA6-4CEB-91F9-5DAF977334FF}.Release|Any CPU.Build.0 = Release|Any CPU
		{53C244E6-5DBE-40D6-8BDC-E9AB4482A56F}.Debug|Any CPU.ActiveCfg = Debug|Any CPU
		{53C244E6-5DBE-40D6-8BDC-E9AB4482A56F}.Debug|Any CPU.Build.0 = Debug|Any CPU
		{53C244E6-5DBE-40D6-8BDC-E9AB4482A56F}.Release|Any CPU.ActiveCfg = Release|Any CPU
		{53C244E6-5DBE-40D6-8BDC-E9AB4482A56F}.Release|Any CPU.Build.0 = Release|Any CPU
		{3D94D958-5478-4A30-A0FD-FF7BF8F739FF}.Debug|Any CPU.ActiveCfg = Debug|Any CPU
		{3D94D958-5478-4A30-A0FD-FF7BF8F739FF}.Debug|Any CPU.Build.0 = Debug|Any CPU
		{3D94D958-5478-4A30-A0FD-FF7BF8F739FF}.Release|Any CPU.ActiveCfg = Release|Any CPU
		{3D94D958-5478-4A30-A0FD-FF7BF8F739FF}.Release|Any CPU.Build.0 = Release|Any CPU
		{FC19A74D-72D8-42A1-880D-8FE19BE9B7EB}.Debug|Any CPU.ActiveCfg = Debug|Any CPU
		{FC19A74D-72D8-42A1-880D-8FE19BE9B7EB}.Debug|Any CPU.Build.0 = Debug|Any CPU
		{FC19A74D-72D8-42A1-880D-8FE19BE9B7EB}.Release|Any CPU.ActiveCfg = Release|Any CPU
		{FC19A74D-72D8-42A1-880D-8FE19BE9B7EB}.Release|Any CPU.Build.0 = Release|Any CPU
		{E00B8615-9376-45FC-9435-7A22AA7968ED}.Debug|Any CPU.ActiveCfg = Debug|Any CPU
		{E00B8615-9376-45FC-9435-7A22AA7968ED}.Debug|Any CPU.Build.0 = Debug|Any CPU
		{E00B8615-9376-45FC-9435-7A22AA7968ED}.Release|Any CPU.ActiveCfg = Release|Any CPU
		{E00B8615-9376-45FC-9435-7A22AA7968ED}.Release|Any CPU.Build.0 = Release|Any CPU
		{6C5FC743-65DD-4428-ABB7-8D0F8995109E}.Debug|Any CPU.ActiveCfg = Debug|Any CPU
		{6C5FC743-65DD-4428-ABB7-8D0F8995109E}.Debug|Any CPU.Build.0 = Debug|Any CPU
		{6C5FC743-65DD-4428-ABB7-8D0F8995109E}.Release|Any CPU.ActiveCfg = Release|Any CPU
		{6C5FC743-65DD-4428-ABB7-8D0F8995109E}.Release|Any CPU.Build.0 = Release|Any CPU
		{5DCFFDC2-C7B8-46DE-8BA0-B3AEB5EA2B6C}.Debug|Any CPU.ActiveCfg = Debug|Any CPU
		{5DCFFDC2-C7B8-46DE-8BA0-B3AEB5EA2B6C}.Debug|Any CPU.Build.0 = Debug|Any CPU
		{5DCFFDC2-C7B8-46DE-8BA0-B3AEB5EA2B6C}.Release|Any CPU.ActiveCfg = Release|Any CPU
		{5DCFFDC2-C7B8-46DE-8BA0-B3AEB5EA2B6C}.Release|Any CPU.Build.0 = Release|Any CPU
		{C1EC7F9B-4D8E-49E2-8E96-28CF08ED00C2}.Debug|Any CPU.ActiveCfg = Debug|Any CPU
		{C1EC7F9B-4D8E-49E2-8E96-28CF08ED00C2}.Debug|Any CPU.Build.0 = Debug|Any CPU
		{C1EC7F9B-4D8E-49E2-8E96-28CF08ED00C2}.Release|Any CPU.ActiveCfg = Release|Any CPU
		{C1EC7F9B-4D8E-49E2-8E96-28CF08ED00C2}.Release|Any CPU.Build.0 = Release|Any CPU
		{09A92E6C-1042-4D62-B7CD-C927D3B3CC93}.Debug|Any CPU.ActiveCfg = Debug|Any CPU
		{09A92E6C-1042-4D62-B7CD-C927D3B3CC93}.Debug|Any CPU.Build.0 = Debug|Any CPU
		{09A92E6C-1042-4D62-B7CD-C927D3B3CC93}.Release|Any CPU.ActiveCfg = Release|Any CPU
		{09A92E6C-1042-4D62-B7CD-C927D3B3CC93}.Release|Any CPU.Build.0 = Release|Any CPU
		{4C691A2E-A468-476B-B58B-5D5E333CC867}.Debug|Any CPU.ActiveCfg = Debug|Any CPU
		{4C691A2E-A468-476B-B58B-5D5E333CC867}.Debug|Any CPU.Build.0 = Debug|Any CPU
		{4C691A2E-A468-476B-B58B-5D5E333CC867}.Release|Any CPU.ActiveCfg = Release|Any CPU
		{4C691A2E-A468-476B-B58B-5D5E333CC867}.Release|Any CPU.Build.0 = Release|Any CPU
		{0CAEFCB7-0E2E-4916-82CF-05D4E1E2E3E2}.Debug|Any CPU.ActiveCfg = Debug|Any CPU
		{0CAEFCB7-0E2E-4916-82CF-05D4E1E2E3E2}.Debug|Any CPU.Build.0 = Debug|Any CPU
		{0CAEFCB7-0E2E-4916-82CF-05D4E1E2E3E2}.Release|Any CPU.ActiveCfg = Release|Any CPU
		{0CAEFCB7-0E2E-4916-82CF-05D4E1E2E3E2}.Release|Any CPU.Build.0 = Release|Any CPU
		{861E79EA-BE53-4A46-A210-23B16598F8E0}.Debug|Any CPU.ActiveCfg = Debug|Any CPU
		{861E79EA-BE53-4A46-A210-23B16598F8E0}.Debug|Any CPU.Build.0 = Debug|Any CPU
		{861E79EA-BE53-4A46-A210-23B16598F8E0}.Release|Any CPU.ActiveCfg = Release|Any CPU
		{861E79EA-BE53-4A46-A210-23B16598F8E0}.Release|Any CPU.Build.0 = Release|Any CPU
	EndGlobalSection
	GlobalSection(SolutionProperties) = preSolution
		HideSolutionNode = FALSE
	EndGlobalSection
	GlobalSection(ExtensibilityGlobals) = postSolution
		SolutionGuid = {5D664986-76AC-444A-BD01-3D5E179FC3F7}
	EndGlobalSection
EndGlobal
